{
  "name": "dva-wxapp",
  "version": "1.0.0",
  "lockfileVersion": 1,
  "requires": true,
  "dependencies": {
    "dva-wxapp": {
      "version": "0.1.2",
      "resolved": "https://registry.npmjs.org/dva-wxapp/-/dva-wxapp-0.1.2.tgz",
      "integrity": "sha512-R/pXpcMEw8fBHSAoXLzrnTnYKFuWWHVOuhXhonj/jHK7b+aDy7J/DJ0WQjg6GrCGDEcN1tpejvXTWQ5fHyOQwQ=="
    },
    "miniprogram-api-promise": {
      "version": "1.0.4",
      "resolved": "https://registry.npmjs.org/miniprogram-api-promise/-/miniprogram-api-promise-1.0.4.tgz",
      "integrity": "sha512-lS2ukj03Ugy8IJUDmdssklLT4kjzyRtVYwErhyDZkzxtqcxaed2xldRgNrsikigeMUBR9gAs7wgnjSKPlyKIYg=="
    }
  }
}
